
Microsoft Visual Studio Solution File, Format Version 12.00
# Visual Studio Version 17
VisualStudioVersion = 17.8.34511.84
MinimumVisualStudioVersion = 10.0.40219.1
Project("{FAE04EC0-301F-11D3-BF4B-00C04F79EFBC}") = "MauiTasker", "MauiTasker\MauiTasker.csproj", "{A3AD41BF-AE72-4BE4-B7A0-4ABC643BEFDF}"
EndProject
Global
	GlobalSection(SolutionConfigurationPlatforms) = preSolution
		Debug|Any CPU = Debug|Any CPU
		Release|Any CPU = Release|Any CPU
	EndGlobalSection
	GlobalSection(ProjectConfigurationPlatforms) = postSolution
		{A3AD41BF-AE72-4BE4-B7A0-4ABC643BEFDF}.Debug|Any CPU.ActiveCfg = Debug|Any CPU
		{A3AD41BF-AE72-4BE4-B7A0-4ABC643BEFDF}.Debug|Any CPU.Build.0 = Debug|Any CPU
		{A3AD41BF-AE72-4BE4-B7A0-4ABC643BEFDF}.Debug|Any CPU.Deploy.0 = Debug|Any CPU
		{A3AD41BF-AE72-4BE4-B7A0-4ABC643BEFDF}.Release|Any CPU.ActiveCfg = Release|Any CPU
		{A3AD41BF-AE72-4BE4-B7A0-4ABC643BEFDF}.Release|Any CPU.Build.0 = Release|Any CPU
		{A3AD41BF-AE72-4BE4-B7A0-4ABC643BEFDF}.Release|Any CPU.Deploy.0 = Release|Any CPU
	EndGlobalSection
	GlobalSection(SolutionProperties) = preSolution
		HideSolutionNode = FALSE
	EndGlobalSection
	GlobalSection(ExtensibilityGlobals) = postSolution
		SolutionGuid = {A67A8BF9-068D-4CE7-A437-81572C404EA3}
	EndGlobalSection
EndGlobal
